{
  "originHash" : "962bbf7b353a04f01bc20ac2cecb54eee83734db7b48ac6a382d6ccdeec2eea2",
  "pins" : [
    {
      "identity" : "detaileddescription",
      "kind" : "remoteSourceControl",
      "location" : "https://www.github.com/Vaida12345/DetailedDescription",
      "state" : {
        "revision" : "d9726110ad54474071bf7fac6c2d256d44b1fa63",
        "version" : "2.0.7"
      }
    },
    {
      "identity" : "essentials",
      "kind" : "remoteSourceControl",
      "location" : "https://www.github.com/Vaida12345/Essentials",
      "state" : {
        "revision" : "d0beafc3d2e72d7e094a26c20ee5db6dfd86122c",
        "version" : "1.1.2"
      }
    },
    {
      "identity" : "finderitem",
      "kind" : "remoteSourceControl",
      "location" : "https://www.github.com/Vaida12345/FinderItem",
      "state" : {
        "revision" : "750a4947960dec48a6c3aea8af67d521dc1cc520",
        "version" : "1.0.19"
      }
    }
  ],
  "version" : 3
}
