{
  "originHash" : "415526cbf222da2a9c4a57e9a7b681013549a2715e226686006113f0ded25a02",
  "pins" : [
    {
      "identity" : "essentials",
      "kind" : "remoteSourceControl",
      "location" : "https://www.github.com/Vaida12345/Essentials",
      "state" : {
        "revision" : "61227bf3938002ce8709860c0520f46a5fd3fed5",
        "version" : "1.0.10"
      }
    },
    {
      "identity" : "finderitem",
      "kind" : "remoteSourceControl",
      "location" : "https://www.github.com/Vaida12345/FinderItem",
      "state" : {
        "revision" : "77d80ab005f426634ad7abb342cef801ddfa4269",
        "version" : "1.0.5"
      }
    }
  ],
  "version" : 3
}
